
Microsoft Visual Studio Solution File, Format Version 12.00
# Visual Studio Version 17
VisualStudioVersion = 17.0.31808.319
MinimumVisualStudioVersion = 10.0.40219.1
Project("{FAE04EC0-301F-11D3-BF4B-00C04F79EFBC}") = "Autoclicker C", "Autoclicker C\Autoclicker C.csproj", "{8620A54D-DB75-4456-8C5B-491C8AA20E17}"
EndProject
Global
	GlobalSection(SolutionConfigurationPlatforms) = preSolution
		Debug|Any CPU = Debug|Any CPU
		Release|Any CPU = Release|Any CPU
	EndGlobalSection
	GlobalSection(ProjectConfigurationPlatforms) = postSolution
		{8620A54D-DB75-4456-8C5B-491C8AA20E17}.Debug|Any CPU.ActiveCfg = Debug|Any CPU
		{8620A54D-DB75-4456-8C5B-491C8AA20E17}.Debug|Any CPU.Build.0 = Debug|Any CPU
		{8620A54D-DB75-4456-8C5B-491C8AA20E17}.Release|Any CPU.ActiveCfg = Release|Any CPU
		{8620A54D-DB75-4456-8C5B-491C8AA20E17}.Release|Any CPU.Build.0 = Release|Any CPU
	EndGlobalSection
	GlobalSection(SolutionProperties) = preSolution
		HideSolutionNode = FALSE
	EndGlobalSection
	GlobalSection(ExtensibilityGlobals) = postSolution
		SolutionGuid = {0249D1EC-1F5D-42E7-B719-61B03ECFADCC}
	EndGlobalSection
EndGlobal
